{
    "_readme": [
        "This file locks the dependencies of your project to a known state",
        "Read more about it at https://getcomposer.org/doc/01-basic-usage.md#installing-dependencies",
        "This file is @generated automatically"
    ],
    "content-hash": "f0daaae7ec83fc5d31370a6e1d31447f",
    "packages": [
        {
            "name": "vdechenaux/webcam",
            "version": "dev-master",
            "source": {
                "type": "git",
                "url": "https://github.com/vdechenaux/PhpWebcam.git",
                "reference": "c0d5deed7a50992546abe89f353207d23c9ef5ce"
            },
            "dist": {
                "type": "zip",
                "url": "https://api.github.com/repos/vdechenaux/PhpWebcam/zipball/c0d5deed7a50992546abe89f353207d23c9ef5ce",
                "reference": "c0d5deed7a50992546abe89f353207d23c9ef5ce",
                "shasum": ""
            },
            "require": {
                "ext-ffi": "*",
                "php": ">=7.4.0"
            },
            "type": "library",
            "autoload": {
                "psr-4": {
                    "VDX\\Webcam\\": "src/"
                }
            },
            "notification-url": "https://packagist.org/downloads/",
            "license": [
                "MIT"
            ],
            "authors": [
                {
                    "name": "Vincent Dechenaux",
                    "email": "vincent.dechenaux@gmail.com"
                }
            ],
            "description": "PHP code to use the server's webcam",
            "time": "2019-11-01T11:31:37+00:00"
        }
    ],
    "packages-dev": [],
    "aliases": [],
    "minimum-stability": "stable",
    "stability-flags": {
        "vdechenaux/webcam": 20
    },
    "prefer-stable": false,
    "prefer-lowest": false,
    "platform": [],
    "platform-dev": []
}
